// !$*UTF8*$!
{
	archiveVersion = 1;
	classes = {
	};
	objectVersion = 50;
	objects = {

/* Begin PBXBuildFile section */
		4713683F2590ED770025E7DE /* MSHMonitor.m in Sources */ = {isa = PBXBuildFile; fileRef = 4713683E2590ED770025E7DE /* MSHMonitor.m */; };
		47D842F8257D2BE5000618C8 /* AppleScriptObjC.framework in Frameworks */ = {isa = PBXBuildFile; fileRef = 47D842F7257D2BE5000618C8 /* AppleScriptObjC.framework */; };
		47D842FB257D2BE5000618C8 /* AppDelegate.applescript in Sources */ = {isa = PBXBuildFile; fileRef = 47D842FA257D2BE5000618C8 /* AppDelegate.applescript */; };
		47D842FD257D2BE6000618C8 /* Assets.xcassets in Resources */ = {isa = PBXBuildFile; fileRef = 47D842FC257D2BE6000618C8 /* Assets.xcassets */; };
		47D84300257D2BE6000618C8 /* MainMenu.xib in Resources */ = {isa = PBXBuildFile; fileRef = 47D842FE257D2BE6000618C8 /* MainMenu.xib */; };
		47D84303257D2BE6000618C8 /* main.m in Sources */ = {isa = PBXBuildFile; fileRef = 47D84302257D2BE6000618C8 /* main.m */; };
/* End PBXBuildFile section */

/* Begin PBXFileReference section */
		4713683D2590ED770025E7DE /* MSHMonitor.h */ = {isa = PBXFileReference; lastKnownFileType = sourcecode.c.h; path = MSHMonitor.h; sourceTree = "<group>"; };
		4713683E2590ED770025E7DE /* MSHMonitor.m */ = {isa = PBXFileReference; lastKnownFileType = sourcecode.c.objc; path = MSHMonitor.m; sourceTree = "<group>"; };
		47D842F4257D2BE5000618C8 /* AppleScriptAppLearning.app */ = {isa = PBXFileReference; explicitFileType = wrapper.application; includeInIndex = 0; path = AppleScriptAppLearning.app; sourceTree = BUILT_PRODUCTS_DIR; };
		47D842F7257D2BE5000618C8 /* AppleScriptObjC.framework */ = {isa = PBXFileReference; lastKnownFileType = wrapper.framework; name = AppleScriptObjC.framework; path = System/Library/Frameworks/AppleScriptObjC.framework; sourceTree = SDKROOT; };
		47D842FA257D2BE5000618C8 /* AppDelegate.applescript */ = {isa = PBXFileReference; lastKnownFileType = sourcecode.applescript; path = AppDelegate.applescript; sourceTree = "<group>"; };
		47D842FC257D2BE6000618C8 /* Assets.xcassets */ = {isa = PBXFileReference; lastKnownFileType = folder.assetcatalog; path = Assets.xcassets; sourceTree = "<group>"; };
		47D842FF257D2BE6000618C8 /* Base */ = {isa = PBXFileReference; lastKnownFileType = file.xib; name = Base; path = Base.lproj/MainMenu.xib; sourceTree = "<group>"; };
		47D84301257D2BE6000618C8 /* Info.plist */ = {isa = PBXFileReference; lastKnownFileType = text.plist.xml; path = Info.plist; sourceTree = "<group>"; };
		47D84302257D2BE6000618C8 /* main.m */ = {isa = PBXFileReference; lastKnownFileType = sourcecode.c.objc; path = main.m; sourceTree = "<group>"; };
/* End PBXFileReference section */

/* Begin PBXFrameworksBuildPhase section */
		47D842F1257D2BE5000618C8 /* Frameworks */ = {
			isa = PBXFrameworksBuildPhase;
			buildActionMask = 2147483647;
			files = (
				47D842F8257D2BE5000618C8 /* AppleScriptObjC.framework in Frameworks */,
			);
			runOnlyForDeploymentPostprocessing = 0;
		};
/* End PBXFrameworksBuildPhase section */

/* Begin PBXGroup section */
		47D842EB257D2BE5000618C8 = {
			isa = PBXGroup;
			children = (
				47D842F9257D2BE5000618C8 /* AppleScriptAppLearning */,
				47D842F6257D2BE5000618C8 /* Frameworks */,
				47D842F5257D2BE5000618C8 /* Products */,
			);
			sourceTree = "<group>";
		};
		47D842F5257D2BE5000618C8 /* Products */ = {
			isa = PBXGroup;
			children = (
				47D842F4257D2BE5000618C8 /* AppleScriptAppLearning.app */,
			);
			name = Products;
			sourceTree = "<group>";
		};
		47D842F6257D2BE5000618C8 /* Frameworks */ = {
			isa = PBXGroup;
			children = (
				47D842F7257D2BE5000618C8 /* AppleScriptObjC.framework */,
			);
			name = Frameworks;
			sourceTree = "<group>";
		};
		47D842F9257D2BE5000618C8 /* AppleScriptAppLearning */ = {
			isa = PBXGroup;
			children = (
				47D842FA257D2BE5000618C8 /* AppDelegate.applescript */,
				4713683D2590ED770025E7DE /* MSHMonitor.h */,
				4713683E2590ED770025E7DE /* MSHMonitor.m */,
				47D842FC257D2BE6000618C8 /* Assets.xcassets */,
				47D842FE257D2BE6000618C8 /* MainMenu.xib */,
				47D84301257D2BE6000618C8 /* Info.plist */,
				47D84302257D2BE6000618C8 /* main.m */,
			);
			path = AppleScriptAppLearning;
			sourceTree = "<group>";
		};
/* End PBXGroup section */

/* Begin PBXNativeTarget section */
		47D842F3257D2BE5000618C8 /* AppleScriptAppLearning */ = {
			isa = PBXNativeTarget;
			buildConfigurationList = 47D84306257D2BE6000618C8 /* Build configuration list for PBXNativeTarget "AppleScriptAppLearning" */;
			buildPhases = (
				47D842F0257D2BE5000618C8 /* Sources */,
				47D842F1257D2BE5000618C8 /* Frameworks */,
				47D842F2257D2BE5000618C8 /* Resources */,
			);
			buildRules = (
			);
			dependencies = (
			);
			name = AppleScriptAppLearning;
			productName = AppleScriptAppLearning;
			productReference = 47D842F4257D2BE5000618C8 /* AppleScriptAppLearning.app */;
			productType = "com.apple.product-type.application";
		};
/* End PBXNativeTarget section */

/* Begin PBXProject section */
		47D842EC257D2BE5000618C8 /* Project object */ = {
			isa = PBXProject;
			attributes = {
				LastUpgradeCheck = 1220;
				TargetAttributes = {
					47D842F3257D2BE5000618C8 = {
						CreatedOnToolsVersion = 12.2;
					};
				};
			};
			buildConfigurationList = 47D842EF257D2BE5000618C8 /* Build configuration list for PBXProject "AppleScriptAppLearning" */;
			compatibilityVersion = "Xcode 9.3";
			developmentRegion = en;
			hasScannedForEncodings = 0;
			knownRegions = (
				en,
				Base,
			);
			mainGroup = 47D842EB257D2BE5000618C8;
			productRefGroup = 47D842F5257D2BE5000618C8 /* Products */;
			projectDirPath = "";
			projectRoot = "";
			targets = (
				47D842F3257D2BE5000618C8 /* AppleScriptAppLearning */,
			);
		};
/* End PBXProject section */

/* Begin PBXResourcesBuildPhase section */
		47D842F2257D2BE5000618C8 /* Resources */ = {
			isa = PBXResourcesBuildPhase;
			buildActionMask = 2147483647;
			files = (
				47D842FD257D2BE6000618C8 /* Assets.xcassets in Resources */,
				47D84300257D2BE6000618C8 /* MainMenu.xib in Resources */,
			);
			runOnlyForDeploymentPostprocessing = 0;
		};
/* End PBXResourcesBuildPhase section */

/* Begin PBXSourcesBuildPhase section */
		47D842F0257D2BE5000618C8 /* Sources */ = {
			isa = PBXSourcesBuildPhase;
			buildActionMask = 2147483647;
			files = (
				47D84303257D2BE6000618C8 /* main.m in Sources */,
				4713683F2590ED770025E7DE /* MSHMonitor.m in Sources */,
				47D842FB257D2BE5000618C8 /* AppDelegate.applescript in Sources */,
			);
			runOnlyForDeploymentPostprocessing = 0;
		};
/* End PBXSourcesBuildPhase section */

/* Begin PBXVariantGroup section */
		47D842FE257D2BE6000618C8 /* MainMenu.xib */ = {
			isa = PBXVariantGroup;
			children = (
				47D842FF257D2BE6000618C8 /* Base */,
			);
			name = MainMenu.xib;
			sourceTree = "<group>";
		};
/* End PBXVariantGroup section */

/* Begin XCBuildConfiguration section */
		47D84304257D2BE6000618C8 /* Debug */ = {
			isa = XCBuildConfiguration;
			buildSettings = {
				ALWAYS_SEARCH_USER_PATHS = NO;
				CLANG_ANALYZER_NONNULL = YES;
				CLANG_ANALYZER_NUMBER_OBJECT_CONVERSION = YES_AGGRESSIVE;
				CLANG_CXX_LANGUAGE_STANDARD = "gnu++14";
				CLANG_CXX_LIBRARY = "libc++";
				CLANG_ENABLE_MODULES = YES;
				CLANG_ENABLE_OBJC_ARC = YES;
				CLANG_ENABLE_OBJC_WEAK = YES;
				CLANG_WARN_BLOCK_CAPTURE_AUTORELEASING = YES;
				CLANG_WARN_BOOL_CONVERSION = YES;
				CLANG_WARN_COMMA = YES;
				CLANG_WARN_CONSTANT_CONVERSION = YES;
				CLANG_WARN_DEPRECATED_OBJC_IMPLEMENTATIONS = YES;
				CLANG_WARN_DIRECT_OBJC_ISA_USAGE = YES_ERROR;
				CLANG_WARN_DOCUMENTATION_COMMENTS = YES;
				CLANG_WARN_EMPTY_BODY = YES;
				CLANG_WARN_ENUM_CONVERSION = YES;
				CLANG_WARN_INFINITE_RECURSION = YES;
				CLANG_WARN_INT_CONVERSION = YES;
				CLANG_WARN_NON_LITERAL_NULL_CONVERSION = YES;
				CLANG_WARN_OBJC_IMPLICIT_RETAIN_SELF = YES;
				CLANG_WARN_OBJC_LITERAL_CONVERSION = YES;
				CLANG_WARN_OBJC_ROOT_CLASS = YES_ERROR;
				CLANG_WARN_QUOTED_INCLUDE_IN_FRAMEWORK_HEADER = YES;
				CLANG_WARN_RANGE_LOOP_ANALYSIS = YES;
				CLANG_WARN_STRICT_PROTOTYPES = YES;
				CLANG_WARN_SUSPICIOUS_MOVE = YES;
				CLANG_WARN_UNGUARDED_AVAILABILITY = YES_AGGRESSIVE;
				CLANG_WARN_UNREACHABLE_CODE = YES;
				CLANG_WARN__DUPLICATE_METHOD_MATCH = YES;
				COPY_PHASE_STRIP = NO;
				DEBUG_INFORMATION_FORMAT = dwarf;
				ENABLE_STRICT_OBJC_MSGSEND = YES;
				ENABLE_TESTABILITY = YES;
				GCC_C_LANGUAGE_STANDARD = gnu11;
				GCC_DYNAMIC_NO_PIC = NO;
				GCC_NO_COMMON_BLOCKS = YES;
				GCC_OPTIMIZATION_LEVEL = 0;
				GCC_PREPROCESSOR_DEFINITIONS = (
					"DEBUG=1",
					"$(inherited)",
				);
				GCC_WARN_64_TO_32_BIT_CONVERSION = YES;
				GCC_WARN_ABOUT_RETURN_TYPE = YES_ERROR;
				GCC_WARN_UNDECLARED_SELECTOR = YES;
				GCC_WARN_UNINITIALIZED_AUTOS = YES_AGGRESSIVE;
				GCC_WARN_UNUSED_FUNCTION = YES;
				GCC_WARN_UNUSED_VARIABLE = YES;
				MACOSX_DEPLOYMENT_TARGET = 11.0;
				MTL_ENABLE_DEBUG_INFO = INCLUDE_SOURCE;
				MTL_FAST_MATH = YES;
				ONLY_ACTIVE_ARCH = YES;
				SDKROOT = macosx;
			};
			name = Debug;
		};
		47D84305257D2BE6000618C8 /* Release */ = {
			isa = XCBuildConfiguration;
			buildSettings = {
				ALWAYS_SEARCH_USER_PATHS = NO;
				CLANG_ANALYZER_NONNULL = YES;
				CLANG_ANALYZER_NUMBER_OBJECT_CONVERSION = YES_AGGRESSIVE;
				CLANG_CXX_LANGUAGE_STANDARD = "gnu++14";
				CLANG_CXX_LIBRARY = "libc++";
				CLANG_ENABLE_MODULES = YES;
				CLANG_ENABLE_OBJC_ARC = YES;
				CLANG_ENABLE_OBJC_WEAK = YES;
				CLANG_WARN_BLOCK_CAPTURE_AUTORELEASING = YES;
				CLANG_WARN_BOOL_CONVERSION = YES;
				CLANG_WARN_COMMA = YES;
				CLANG_WARN_CONSTANT_CONVERSION = YES;
				CLANG_WARN_DEPRECATED_OBJC_IMPLEMENTATIONS = YES;
				CLANG_WARN_DIRECT_OBJC_ISA_USAGE = YES_ERROR;
				CLANG_WARN_DOCUMENTATION_COMMENTS = YES;
				CLANG_WARN_EMPTY_BODY = YES;
				CLANG_WARN_ENUM_CONVERSION = YES;
				CLANG_WARN_INFINITE_RECURSION = YES;
				CLANG_WARN_INT_CONVERSION = YES;
				CLANG_WARN_NON_LITERAL_NULL_CONVERSION = YES;
				CLANG_WARN_OBJC_IMPLICIT_RETAIN_SELF = YES;
				CLANG_WARN_OBJC_LITERAL_CONVERSION = YES;
				CLANG_WARN_OBJC_ROOT_CLASS = YES_ERROR;
				CLANG_WARN_QUOTED_INCLUDE_IN_FRAMEWORK_HEADER = YES;
				CLANG_WARN_RANGE_LOOP_ANALYSIS = YES;
				CLANG_WARN_STRICT_PROTOTYPES = YES;
				CLANG_WARN_SUSPICIOUS_MOVE = YES;
				CLANG_WARN_UNGUARDED_AVAILABILITY = YES_AGGRESSIVE;
				CLANG_WARN_UNREACHABLE_CODE = YES;
				CLANG_WARN__DUPLICATE_METHOD_MATCH = YES;
				COPY_PHASE_STRIP = NO;
				DEBUG_INFORMATION_FORMAT = "dwarf-with-dsym";
				ENABLE_NS_ASSERTIONS = NO;
				ENABLE_STRICT_OBJC_MSGSEND = YES;
				GCC_C_LANGUAGE_STANDARD = gnu11;
				GCC_NO_COMMON_BLOCKS = YES;
				GCC_WARN_64_TO_32_BIT_CONVERSION = YES;
				GCC_WARN_ABOUT_RETURN_TYPE = YES_ERROR;
				GCC_WARN_UNDECLARED_SELECTOR = YES;
				GCC_WARN_UNINITIALIZED_AUTOS = YES_AGGRESSIVE;
				GCC_WARN_UNUSED_FUNCTION = YES;
				GCC_WARN_UNUSED_VARIABLE = YES;
				MACOSX_DEPLOYMENT_TARGET = 11.0;
				MTL_ENABLE_DEBUG_INFO = NO;
				MTL_FAST_MATH = YES;
				SDKROOT = macosx;
			};
			name = Release;
		};
		47D84307257D2BE6000618C8 /* Debug */ = {
			isa = XCBuildConfiguration;
			buildSettings = {
				ASSETCATALOG_COMPILER_APPICON_NAME = AppIcon;
				ASSETCATALOG_COMPILER_GLOBAL_ACCENT_COLOR_NAME = AccentColor;
				CODE_SIGN_STYLE = Automatic;
				COMBINE_HIDPI_IMAGES = YES;
				INFOPLIST_FILE = AppleScriptAppLearning/Info.plist;
				LD_RUNPATH_SEARCH_PATHS = (
					"$(inherited)",
					"@executable_path/../Frameworks",
				);
				PRODUCT_BUNDLE_IDENTIFIER = com.mrliu.AppleScriptAppLearning;
				PRODUCT_NAME = "$(TARGET_NAME)";
			};
			name = Debug;
		};
		47D84308257D2BE6000618C8 /* Release */ = {
			isa = XCBuildConfiguration;
			buildSettings = {
				ASSETCATALOG_COMPILER_APPICON_NAME = AppIcon;
				ASSETCATALOG_COMPILER_GLOBAL_ACCENT_COLOR_NAME = AccentColor;
				CODE_SIGN_STYLE = Automatic;
				COMBINE_HIDPI_IMAGES = YES;
				INFOPLIST_FILE = AppleScriptAppLearning/Info.plist;
				LD_RUNPATH_SEARCH_PATHS = (
					"$(inherited)",
					"@executable_path/../Frameworks",
				);
				PRODUCT_BUNDLE_IDENTIFIER = com.mrliu.AppleScriptAppLearning;
				PRODUCT_NAME = "$(TARGET_NAME)";
			};
			name = Release;
		};
/* End XCBuildConfiguration section */

/* Begin XCConfigurationList section */
		47D842EF257D2BE5000618C8 /* Build configuration list for PBXProject "AppleScriptAppLearning" */ = {
			isa = XCConfigurationList;
			buildConfigurations = (
				47D84304257D2BE6000618C8 /* Debug */,
				47D84305257D2BE6000618C8 /* Release */,
			);
			defaultConfigurationIsVisible = 0;
			defaultConfigurationName = Release;
		};
		47D84306257D2BE6000618C8 /* Build configuration list for PBXNativeTarget "AppleScriptAppLearning" */ = {
			isa = XCConfigurationList;
			buildConfigurations = (
				47D84307257D2BE6000618C8 /* Debug */,
				47D84308257D2BE6000618C8 /* Release */,
			);
			defaultConfigurationIsVisible = 0;
			defaultConfigurationName = Release;
		};
/* End XCConfigurationList section */
	};
	rootObject = 47D842EC257D2BE5000618C8 /* Project object */;
}
